
Microsoft Visual Studio Solution File, Format Version 12.00
# Visual Studio Version 16
VisualStudioVersion = 16.0.29102.190
MinimumVisualStudioVersion = 10.0.40219.1
Project("{FAE04EC0-301F-11D3-BF4B-00C04F79EFBC}") = "QuantificoIconOverlay", "QuantificoIconOverlay\QuantificoIconOverlay.csproj", "{712537E9-2153-4B67-A7BC-51857328A23B}"
EndProject
Global
	GlobalSection(SolutionConfigurationPlatforms) = preSolution
		Debug|Any CPU = Debug|Any CPU
		Release|Any CPU = Release|Any CPU
	EndGlobalSection
	GlobalSection(ProjectConfigurationPlatforms) = postSolution
		{712537E9-2153-4B67-A7BC-51857328A23B}.Debug|Any CPU.ActiveCfg = Debug|Any CPU
		{712537E9-2153-4B67-A7BC-51857328A23B}.Debug|Any CPU.Build.0 = Debug|Any CPU
		{712537E9-2153-4B67-A7BC-51857328A23B}.Release|Any CPU.ActiveCfg = Release|Any CPU
		{712537E9-2153-4B67-A7BC-51857328A23B}.Release|Any CPU.Build.0 = Release|Any CPU
	EndGlobalSection
	GlobalSection(SolutionProperties) = preSolution
		HideSolutionNode = FALSE
	EndGlobalSection
	GlobalSection(ExtensibilityGlobals) = postSolution
		SolutionGuid = {EDB5B65F-0A3C-429D-8C5C-C5FC6A668362}
	EndGlobalSection
EndGlobal
